
Microsoft Visual Studio Solution File, Format Version 12.00
# Visual Studio Version 17
VisualStudioVersion = 17.13.35806.99
MinimumVisualStudioVersion = 10.0.40219.1
Project("{FAE04EC0-301F-11D3-BF4B-00C04F79EFBC}") = "Authentication&Authoriztion", "Authentication&Authoriztion\Authentication&Authoriztion.csproj", "{67979929-D31C-4D07-93F9-2D3C673FDDC2}"
EndProject
Project("{FAE04EC0-301F-11D3-BF4B-00C04F79EFBC}") = "Authentication&Authorization.MVC", "Authentication&Authorization.MVC\Authentication&Authorization.MVC.csproj", "{2C452B9F-D3B1-4049-9C8C-2D9B6DDFEE95}"
EndProject
Global
	GlobalSection(SolutionConfigurationPlatforms) = preSolution
		Debug|Any CPU = Debug|Any CPU
		Release|Any CPU = Release|Any CPU
	EndGlobalSection
	GlobalSection(ProjectConfigurationPlatforms) = postSolution
		{67979929-D31C-4D07-93F9-2D3C673FDDC2}.Debug|Any CPU.ActiveCfg = Debug|Any CPU
		{67979929-D31C-4D07-93F9-2D3C673FDDC2}.Debug|Any CPU.Build.0 = Debug|Any CPU
		{67979929-D31C-4D07-93F9-2D3C673FDDC2}.Release|Any CPU.ActiveCfg = Release|Any CPU
		{67979929-D31C-4D07-93F9-2D3C673FDDC2}.Release|Any CPU.Build.0 = Release|Any CPU
		{2C452B9F-D3B1-4049-9C8C-2D9B6DDFEE95}.Debug|Any CPU.ActiveCfg = Debug|Any CPU
		{2C452B9F-D3B1-4049-9C8C-2D9B6DDFEE95}.Debug|Any CPU.Build.0 = Debug|Any CPU
		{2C452B9F-D3B1-4049-9C8C-2D9B6DDFEE95}.Release|Any CPU.ActiveCfg = Release|Any CPU
		{2C452B9F-D3B1-4049-9C8C-2D9B6DDFEE95}.Release|Any CPU.Build.0 = Release|Any CPU
	EndGlobalSection
	GlobalSection(SolutionProperties) = preSolution
		HideSolutionNode = FALSE
	EndGlobalSection
	GlobalSection(ExtensibilityGlobals) = postSolution
		SolutionGuid = {1BD8BD92-E379-4A1A-B63E-ECA6156B0CC2}
	EndGlobalSection
EndGlobal
